
Microsoft Visual Studio Solution File, Format Version 12.00
# Visual Studio Version 17
VisualStudioVersion = 17.8.34316.72
MinimumVisualStudioVersion = 10.0.40219.1
Project("{FAE04EC0-301F-11D3-BF4B-00C04F79EFBC}") = "DelegateExample", "DelegateExample\DelegateExample.csproj", "{E0730A51-EAE3-4508-8CB4-17D3ABC6303D}"
EndProject
Global
	GlobalSection(SolutionConfigurationPlatforms) = preSolution
		Debug|Any CPU = Debug|Any CPU
		Release|Any CPU = Release|Any CPU
	EndGlobalSection
	GlobalSection(ProjectConfigurationPlatforms) = postSolution
		{E0730A51-EAE3-4508-8CB4-17D3ABC6303D}.Debug|Any CPU.ActiveCfg = Debug|Any CPU
		{E0730A51-EAE3-4508-8CB4-17D3ABC6303D}.Debug|Any CPU.Build.0 = Debug|Any CPU
		{E0730A51-EAE3-4508-8CB4-17D3ABC6303D}.Release|Any CPU.ActiveCfg = Release|Any CPU
		{E0730A51-EAE3-4508-8CB4-17D3ABC6303D}.Release|Any CPU.Build.0 = Release|Any CPU
	EndGlobalSection
	GlobalSection(SolutionProperties) = preSolution
		HideSolutionNode = FALSE
	EndGlobalSection
	GlobalSection(ExtensibilityGlobals) = postSolution
		SolutionGuid = {264F7AD7-C526-48EB-853B-3640AEBA9081}
	EndGlobalSection
EndGlobal
